
Microsoft Visual Studio Solution File, Format Version 12.00
# Visual Studio Version 16
VisualStudioVersion = 16.0.30002.166
MinimumVisualStudioVersion = 10.0.40219.1
Project("{9A19103F-16F7-4668-BE54-9A1E7A4F7556}") = "MovieFrameViewer", "MovieFrameViewer\MovieFrameViewer.csproj", "{90B5D259-AC3D-4E66-BCB0-73EEEE9A5FF3}"
EndProject
Project("{9A19103F-16F7-4668-BE54-9A1E7A4F7556}") = "ImageProcess", "ImageProcess\ImageProcess.csproj", "{5B61F81B-BB1D-46A7-B88E-6FF9C9912950}"
EndProject
Project("{2150E333-8FDC-42A3-9474-1A3956D46DE8}") = "Solution Items", "Solution Items", "{5112A4A9-89D4-43DA-963C-B3366DB5CDA0}"
	ProjectSection(SolutionItems) = preProject
		README.md = README.md
	EndProjectSection
EndProject
Global
	GlobalSection(SolutionConfigurationPlatforms) = preSolution
		Debug|Any CPU = Debug|Any CPU
		Release|Any CPU = Release|Any CPU
	EndGlobalSection
	GlobalSection(ProjectConfigurationPlatforms) = postSolution
		{90B5D259-AC3D-4E66-BCB0-73EEEE9A5FF3}.Debug|Any CPU.ActiveCfg = Debug|Any CPU
		{90B5D259-AC3D-4E66-BCB0-73EEEE9A5FF3}.Debug|Any CPU.Build.0 = Debug|Any CPU
		{90B5D259-AC3D-4E66-BCB0-73EEEE9A5FF3}.Release|Any CPU.ActiveCfg = Release|Any CPU
		{90B5D259-AC3D-4E66-BCB0-73EEEE9A5FF3}.Release|Any CPU.Build.0 = Release|Any CPU
		{5B61F81B-BB1D-46A7-B88E-6FF9C9912950}.Debug|Any CPU.ActiveCfg = Debug|Any CPU
		{5B61F81B-BB1D-46A7-B88E-6FF9C9912950}.Debug|Any CPU.Build.0 = Debug|Any CPU
		{5B61F81B-BB1D-46A7-B88E-6FF9C9912950}.Release|Any CPU.ActiveCfg = Release|Any CPU
		{5B61F81B-BB1D-46A7-B88E-6FF9C9912950}.Release|Any CPU.Build.0 = Release|Any CPU
	EndGlobalSection
	GlobalSection(SolutionProperties) = preSolution
		HideSolutionNode = FALSE
	EndGlobalSection
	GlobalSection(ExtensibilityGlobals) = postSolution
		SolutionGuid = {F0CD4D29-F9F4-4622-9F60-AFF0A4D5D459}
	EndGlobalSection
EndGlobal
